
Microsoft Visual Studio Solution File, Format Version 12.00
# Visual Studio Version 16
VisualStudioVersion = 16.0.34301.259
MinimumVisualStudioVersion = 10.0.40219.1
Project("{FAE04EC0-301F-11D3-BF4B-00C04F79EFBC}") = "Consola25-ClasesYMetodosAbstractos_vs_MetodosVirtuales", "Consola25-ClasesYMetodosAbstractos_vs_MetodosVirtuales\Consola25-ClasesYMetodosAbstractos_vs_MetodosVirtuales.csproj", "{3190ED36-C170-4725-8EA2-4BD84CDD7725}"
EndProject
Global
	GlobalSection(SolutionConfigurationPlatforms) = preSolution
		Debug|Any CPU = Debug|Any CPU
		Release|Any CPU = Release|Any CPU
	EndGlobalSection
	GlobalSection(ProjectConfigurationPlatforms) = postSolution
		{3190ED36-C170-4725-8EA2-4BD84CDD7725}.Debug|Any CPU.ActiveCfg = Debug|Any CPU
		{3190ED36-C170-4725-8EA2-4BD84CDD7725}.Debug|Any CPU.Build.0 = Debug|Any CPU
		{3190ED36-C170-4725-8EA2-4BD84CDD7725}.Release|Any CPU.ActiveCfg = Release|Any CPU
		{3190ED36-C170-4725-8EA2-4BD84CDD7725}.Release|Any CPU.Build.0 = Release|Any CPU
	EndGlobalSection
	GlobalSection(SolutionProperties) = preSolution
		HideSolutionNode = FALSE
	EndGlobalSection
	GlobalSection(ExtensibilityGlobals) = postSolution
		SolutionGuid = {8FB109FF-A3EE-4E19-9DF3-E43080247378}
	EndGlobalSection
EndGlobal
