
Microsoft Visual Studio Solution File, Format Version 12.00
# Visual Studio Version 16
VisualStudioVersion = 16.0.34301.259
MinimumVisualStudioVersion = 10.0.40219.1
Project("{FAE04EC0-301F-11D3-BF4B-00C04F79EFBC}") = "Consola10", "Consola10\Consola10.csproj", "{554C77E5-DB96-4127-9334-A85D567EE287}"
EndProject
Global
	GlobalSection(SolutionConfigurationPlatforms) = preSolution
		Debug|Any CPU = Debug|Any CPU
		Release|Any CPU = Release|Any CPU
	EndGlobalSection
	GlobalSection(ProjectConfigurationPlatforms) = postSolution
		{554C77E5-DB96-4127-9334-A85D567EE287}.Debug|Any CPU.ActiveCfg = Debug|Any CPU
		{554C77E5-DB96-4127-9334-A85D567EE287}.Debug|Any CPU.Build.0 = Debug|Any CPU
		{554C77E5-DB96-4127-9334-A85D567EE287}.Release|Any CPU.ActiveCfg = Release|Any CPU
		{554C77E5-DB96-4127-9334-A85D567EE287}.Release|Any CPU.Build.0 = Release|Any CPU
	EndGlobalSection
	GlobalSection(SolutionProperties) = preSolution
		HideSolutionNode = FALSE
	EndGlobalSection
	GlobalSection(ExtensibilityGlobals) = postSolution
		SolutionGuid = {8FE6982F-3B79-4D8E-BF07-55240A8B452D}
	EndGlobalSection
EndGlobal
