
Microsoft Visual Studio Solution File, Format Version 12.00
# Visual Studio 15
VisualStudioVersion = 15.0.28307.1500
MinimumVisualStudioVersion = 10.0.40219.1
Project("{FAE04EC0-301F-11D3-BF4B-00C04F79EFBC}") = "Consola22 - Polimorfismo - Métodos Abstractos", "Consola22 - Polimorfismo - Clases Abstractas\Consola22 - Polimorfismo - Métodos Abstractos.csproj", "{C578CF8C-E27A-4ACC-9A4B-2B74EB5C340E}"
EndProject
Global
	GlobalSection(SolutionConfigurationPlatforms) = preSolution
		Debug|Any CPU = Debug|Any CPU
		Release|Any CPU = Release|Any CPU
	EndGlobalSection
	GlobalSection(ProjectConfigurationPlatforms) = postSolution
		{C578CF8C-E27A-4ACC-9A4B-2B74EB5C340E}.Debug|Any CPU.ActiveCfg = Debug|Any CPU
		{C578CF8C-E27A-4ACC-9A4B-2B74EB5C340E}.Debug|Any CPU.Build.0 = Debug|Any CPU
		{C578CF8C-E27A-4ACC-9A4B-2B74EB5C340E}.Release|Any CPU.ActiveCfg = Release|Any CPU
		{C578CF8C-E27A-4ACC-9A4B-2B74EB5C340E}.Release|Any CPU.Build.0 = Release|Any CPU
	EndGlobalSection
	GlobalSection(SolutionProperties) = preSolution
		HideSolutionNode = FALSE
	EndGlobalSection
	GlobalSection(ExtensibilityGlobals) = postSolution
		SolutionGuid = {7BD3F0EB-407A-43D9-95F6-33249273E5CF}
	EndGlobalSection
EndGlobal
