
Microsoft Visual Studio Solution File, Format Version 12.00
# Visual Studio Version 16
VisualStudioVersion = 16.0.34301.259
MinimumVisualStudioVersion = 10.0.40219.1
Project("{FAE04EC0-301F-11D3-BF4B-00C04F79EFBC}") = "Consola23-Polimorfismo_explicado", "Consola23-Polimorfismo_explicado\Consola23-Polimorfismo_explicado.csproj", "{1A60340C-54F1-45D2-93F1-4F658A767AD3}"
EndProject
Global
	GlobalSection(SolutionConfigurationPlatforms) = preSolution
		Debug|Any CPU = Debug|Any CPU
		Release|Any CPU = Release|Any CPU
	EndGlobalSection
	GlobalSection(ProjectConfigurationPlatforms) = postSolution
		{1A60340C-54F1-45D2-93F1-4F658A767AD3}.Debug|Any CPU.ActiveCfg = Debug|Any CPU
		{1A60340C-54F1-45D2-93F1-4F658A767AD3}.Debug|Any CPU.Build.0 = Debug|Any CPU
		{1A60340C-54F1-45D2-93F1-4F658A767AD3}.Release|Any CPU.ActiveCfg = Release|Any CPU
		{1A60340C-54F1-45D2-93F1-4F658A767AD3}.Release|Any CPU.Build.0 = Release|Any CPU
	EndGlobalSection
	GlobalSection(SolutionProperties) = preSolution
		HideSolutionNode = FALSE
	EndGlobalSection
	GlobalSection(ExtensibilityGlobals) = postSolution
		SolutionGuid = {86A329E5-F130-4D79-B1EC-3DEDB2CA488C}
	EndGlobalSection
EndGlobal
